<?xml version="1.0" encoding="utf-8"?>
<Project ToolsVersion="4.0" xmlns="http://schemas.microsoft.com/developer/msbuild/2003">
  <ItemGroup>
    <Filter Include="inc">
      <UniqueIdentifier>{ecacfb4f-8294-4ad8-8d8f-1d66753c4de5}</UniqueIdentifier>
    </Filter>
    <Filter Include="src">
      <UniqueIdentifier>{f5e22ac1-bb9f-4019-aa90-2acdbcbb8dc2}</UniqueIdentifier>
    </Filter>
  </ItemGroup>
  <ItemGroup>
    <ClInclude Include="..\inc\ff_utils.h">
      <Filter>inc</Filter>
    </ClInclude>
  </ItemGroup>
  <ItemGroup>
    <ClCompile Include="..\ff_utils_src\ff_utils.cpp">
      <Filter>src</Filter>
    </ClCompile>
  </ItemGroup>
</Project>