<?xml version="1.0" encoding="utf-8"?>
<Project ToolsVersion="4.0" xmlns="http://schemas.microsoft.com/developer/msbuild/2003">
  <ItemGroup>
    <Filter Include="inc">
      <UniqueIdentifier>{211cabc7-c834-4c75-a94b-04f60489913a}</UniqueIdentifier>
    </Filter>
    <Filter Include="src">
      <UniqueIdentifier>{20b21fde-1339-4dd6-83b9-9923d8089b83}</UniqueIdentifier>
    </Filter>
  </ItemGroup>
  <ItemGroup>
    <ClInclude Include="..\inc\ff_gpu.h">
      <Filter>inc</Filter>
    </ClInclude>
    <ClInclude Include="..\inc\ff_hip_runtime.h">
      <Filter>inc</Filter>
    </ClInclude>
    <ClInclude Include="..\inc\IsaGenerater.h">
      <Filter>inc</Filter>
    </ClInclude>
    <ClInclude Include="..\inc\KernelWriter.h">
      <Filter>inc</Filter>
    </ClInclude>
    <ClInclude Include="..\inc\ff_utils.h">
      <Filter>inc</Filter>
    </ClInclude>
  </ItemGroup>
  <ItemGroup>
    <ClCompile Include="..\ff_gpu_src\ff_gpu.cpp">
      <Filter>src</Filter>
    </ClCompile>
    <ClCompile Include="..\ff_gpu_src\ff_gpu_test_fw.cpp">
      <Filter>src</Filter>
    </ClCompile>
    <ClCompile Include="..\ff_gpu_src\ff_hip_runtime.cpp">
      <Filter>src</Filter>
    </ClCompile>
    <ClCompile Include="..\ff_gpu_src\ff_utils.cpp">
      <Filter>src</Filter>
    </ClCompile>
  </ItemGroup>
</Project>